
Microsoft Visual Studio Solution File, Format Version 12.00
# Visual Studio 15
VisualStudioVersion = 15.0.26403.0
MinimumVisualStudioVersion = 10.0.40219.1
Project("{FAE04EC0-301F-11D3-BF4B-00C04F79EFBC}") = "Nuron", "Nuron\Nuron.csproj", "{EC8D2C08-DD1D-4517-8C17-CEA099675116}"
EndProject
Project("{FAE04EC0-301F-11D3-BF4B-00C04F79EFBC}") = "UnitTestProject1", "UnitTestProject1\UnitTestProject1.csproj", "{30B546C1-9FC7-4CE2-82B9-3EFC9AF5125F}"
EndProject
Global
	GlobalSection(SolutionConfigurationPlatforms) = preSolution
		Debug|Any CPU = Debug|Any CPU
		Release|Any CPU = Release|Any CPU
	EndGlobalSection
	GlobalSection(ProjectConfigurationPlatforms) = postSolution
		{EC8D2C08-DD1D-4517-8C17-CEA099675116}.Debug|Any CPU.ActiveCfg = Debug|Any CPU
		{EC8D2C08-DD1D-4517-8C17-CEA099675116}.Debug|Any CPU.Build.0 = Debug|Any CPU
		{EC8D2C08-DD1D-4517-8C17-CEA099675116}.Release|Any CPU.ActiveCfg = Release|Any CPU
		{EC8D2C08-DD1D-4517-8C17-CEA099675116}.Release|Any CPU.Build.0 = Release|Any CPU
		{30B546C1-9FC7-4CE2-82B9-3EFC9AF5125F}.Debug|Any CPU.ActiveCfg = Debug|Any CPU
		{30B546C1-9FC7-4CE2-82B9-3EFC9AF5125F}.Debug|Any CPU.Build.0 = Debug|Any CPU
		{30B546C1-9FC7-4CE2-82B9-3EFC9AF5125F}.Release|Any CPU.ActiveCfg = Release|Any CPU
		{30B546C1-9FC7-4CE2-82B9-3EFC9AF5125F}.Release|Any CPU.Build.0 = Release|Any CPU
	EndGlobalSection
	GlobalSection(SolutionProperties) = preSolution
		HideSolutionNode = FALSE
	EndGlobalSection
EndGlobal
